
Microsoft Visual Studio Solution File, Format Version 12.00
# Visual Studio Version 17
VisualStudioVersion = 17.0.31903.59
MinimumVisualStudioVersion = 10.0.40219.1
Project("{2150E333-8FDC-42A3-9474-1A3956D46DE8}") = "src", "src", "{51D6CEFB-9674-4AAF-8CDD-754BB66734B4}"
EndProject
Project("{FAE04EC0-301F-11D3-BF4B-00C04F79EFBC}") = "AuctionService", "src\AuctionService\AuctionService.csproj", "{728342F1-3594-4A49-A43C-27D44B8258A8}"
EndProject
Project("{FAE04EC0-301F-11D3-BF4B-00C04F79EFBC}") = "SearchService", "src\SearchService\SearchService.csproj", "{E76F6046-4AA0-461F-ACA3-6FB508B354B3}"
EndProject
Project("{FAE04EC0-301F-11D3-BF4B-00C04F79EFBC}") = "Contracts", "src\Contracts\Contracts.csproj", "{0A1C5033-85D6-4703-B07A-A3069DE0B3EF}"
EndProject
Project("{FAE04EC0-301F-11D3-BF4B-00C04F79EFBC}") = "IdentityService", "src\IdentityService\IdentityService.csproj", "{A23DBD95-B8FA-4FD7-936D-8E7E5F3696A0}"
EndProject
Project("{FAE04EC0-301F-11D3-BF4B-00C04F79EFBC}") = "GatewayService", "src\GatewayService\GatewayService.csproj", "{C15CADD6-FB67-4D92-8921-EB7A67DAD768}"
EndProject
Project("{FAE04EC0-301F-11D3-BF4B-00C04F79EFBC}") = "BiddingService", "src\BiddingService\BiddingService.csproj", "{0F35DDE0-294A-4E5F-8F33-90B4EF53F1EA}"
EndProject
Global
	GlobalSection(SolutionConfigurationPlatforms) = preSolution
		Debug|Any CPU = Debug|Any CPU
		Release|Any CPU = Release|Any CPU
	EndGlobalSection
	GlobalSection(SolutionProperties) = preSolution
		HideSolutionNode = FALSE
	EndGlobalSection
	GlobalSection(ProjectConfigurationPlatforms) = postSolution
		{728342F1-3594-4A49-A43C-27D44B8258A8}.Debug|Any CPU.ActiveCfg = Debug|Any CPU
		{728342F1-3594-4A49-A43C-27D44B8258A8}.Debug|Any CPU.Build.0 = Debug|Any CPU
		{728342F1-3594-4A49-A43C-27D44B8258A8}.Release|Any CPU.ActiveCfg = Release|Any CPU
		{728342F1-3594-4A49-A43C-27D44B8258A8}.Release|Any CPU.Build.0 = Release|Any CPU
		{E76F6046-4AA0-461F-ACA3-6FB508B354B3}.Debug|Any CPU.ActiveCfg = Debug|Any CPU
		{E76F6046-4AA0-461F-ACA3-6FB508B354B3}.Debug|Any CPU.Build.0 = Debug|Any CPU
		{E76F6046-4AA0-461F-ACA3-6FB508B354B3}.Release|Any CPU.ActiveCfg = Release|Any CPU
		{E76F6046-4AA0-461F-ACA3-6FB508B354B3}.Release|Any CPU.Build.0 = Release|Any CPU
		{0A1C5033-85D6-4703-B07A-A3069DE0B3EF}.Debug|Any CPU.ActiveCfg = Debug|Any CPU
		{0A1C5033-85D6-4703-B07A-A3069DE0B3EF}.Debug|Any CPU.Build.0 = Debug|Any CPU
		{0A1C5033-85D6-4703-B07A-A3069DE0B3EF}.Release|Any CPU.ActiveCfg = Release|Any CPU
		{0A1C5033-85D6-4703-B07A-A3069DE0B3EF}.Release|Any CPU.Build.0 = Release|Any CPU
		{A23DBD95-B8FA-4FD7-936D-8E7E5F3696A0}.Debug|Any CPU.ActiveCfg = Debug|Any CPU
		{A23DBD95-B8FA-4FD7-936D-8E7E5F3696A0}.Debug|Any CPU.Build.0 = Debug|Any CPU
		{A23DBD95-B8FA-4FD7-936D-8E7E5F3696A0}.Release|Any CPU.ActiveCfg = Release|Any CPU
		{A23DBD95-B8FA-4FD7-936D-8E7E5F3696A0}.Release|Any CPU.Build.0 = Release|Any CPU
		{C15CADD6-FB67-4D92-8921-EB7A67DAD768}.Debug|Any CPU.ActiveCfg = Debug|Any CPU
		{C15CADD6-FB67-4D92-8921-EB7A67DAD768}.Debug|Any CPU.Build.0 = Debug|Any CPU
		{C15CADD6-FB67-4D92-8921-EB7A67DAD768}.Release|Any CPU.ActiveCfg = Release|Any CPU
		{C15CADD6-FB67-4D92-8921-EB7A67DAD768}.Release|Any CPU.Build.0 = Release|Any CPU
		{0F35DDE0-294A-4E5F-8F33-90B4EF53F1EA}.Debug|Any CPU.ActiveCfg = Debug|Any CPU
		{0F35DDE0-294A-4E5F-8F33-90B4EF53F1EA}.Debug|Any CPU.Build.0 = Debug|Any CPU
		{0F35DDE0-294A-4E5F-8F33-90B4EF53F1EA}.Release|Any CPU.ActiveCfg = Release|Any CPU
		{0F35DDE0-294A-4E5F-8F33-90B4EF53F1EA}.Release|Any CPU.Build.0 = Release|Any CPU
	EndGlobalSection
	GlobalSection(NestedProjects) = preSolution
		{728342F1-3594-4A49-A43C-27D44B8258A8} = {51D6CEFB-9674-4AAF-8CDD-754BB66734B4}
		{E76F6046-4AA0-461F-ACA3-6FB508B354B3} = {51D6CEFB-9674-4AAF-8CDD-754BB66734B4}
		{0A1C5033-85D6-4703-B07A-A3069DE0B3EF} = {51D6CEFB-9674-4AAF-8CDD-754BB66734B4}
		{A23DBD95-B8FA-4FD7-936D-8E7E5F3696A0} = {51D6CEFB-9674-4AAF-8CDD-754BB66734B4}
		{C15CADD6-FB67-4D92-8921-EB7A67DAD768} = {51D6CEFB-9674-4AAF-8CDD-754BB66734B4}
		{0F35DDE0-294A-4E5F-8F33-90B4EF53F1EA} = {51D6CEFB-9674-4AAF-8CDD-754BB66734B4}
	EndGlobalSection
EndGlobal
